
Microsoft Visual Studio Solution File, Format Version 11.00
# Visual Studio 2010
Project("{159641D6-6404-4A2A-AE62-294DE0FE8301}") = "ETLFramework", "ETLFramework\ETLFramework.dtproj", "{F44B53CF-8D26-43E8-9A3C-EE280E63279F}"
EndProject
Global
	GlobalSection(SolutionConfigurationPlatforms) = preSolution
		Debug|Default = Debug|Default
		DebugLocal|Default = DebugLocal|Default
		Development|Default = Development|Default
		Release|Default = Release|Default
	EndGlobalSection
	GlobalSection(ProjectConfigurationPlatforms) = postSolution
		{F44B53CF-8D26-43E8-9A3C-EE280E63279F}.Debug|Default.ActiveCfg = Development
		{F44B53CF-8D26-43E8-9A3C-EE280E63279F}.Debug|Default.Build.0 = Development
		{F44B53CF-8D26-43E8-9A3C-EE280E63279F}.DebugLocal|Default.ActiveCfg = Development
		{F44B53CF-8D26-43E8-9A3C-EE280E63279F}.DebugLocal|Default.Build.0 = Development
		{F44B53CF-8D26-43E8-9A3C-EE280E63279F}.Development|Default.ActiveCfg = Development
		{F44B53CF-8D26-43E8-9A3C-EE280E63279F}.Development|Default.Build.0 = Development
		{F44B53CF-8D26-43E8-9A3C-EE280E63279F}.Release|Default.ActiveCfg = Development
		{F44B53CF-8D26-43E8-9A3C-EE280E63279F}.Release|Default.Build.0 = Development
	EndGlobalSection
	GlobalSection(SolutionProperties) = preSolution
		HideSolutionNode = FALSE
	EndGlobalSection
EndGlobal
