
Microsoft Visual Studio Solution File, Format Version 12.00
# Visual Studio 14
VisualStudioVersion = 14.0.25420.1
MinimumVisualStudioVersion = 10.0.40219.1
Project("{159641D6-6404-4A2A-AE62-294DE0FE8301}") = "WebinarDemo", "WebinarDemo\WebinarDemo.dtproj", "{E4AA14A2-B965-4C26-8057-C020D8ED7684}"
EndProject
Global
	GlobalSection(SolutionConfigurationPlatforms) = preSolution
		Development|Default = Development|Default
	EndGlobalSection
	GlobalSection(ProjectConfigurationPlatforms) = postSolution
		{E4AA14A2-B965-4C26-8057-C020D8ED7684}.Development|Default.ActiveCfg = Development
		{E4AA14A2-B965-4C26-8057-C020D8ED7684}.Development|Default.Build.0 = Development
	EndGlobalSection
	GlobalSection(SolutionProperties) = preSolution
		HideSolutionNode = FALSE
	EndGlobalSection
EndGlobal
