
Microsoft Visual Studio Solution File, Format Version 12.00
# Visual Studio 15
VisualStudioVersion = 15.0.28307.489
MinimumVisualStudioVersion = 10.0.40219.1
Project("{159641D6-6404-4A2A-AE62-294DE0FE8301}") = "BIMLTSBlog", "BIMLTSBlog\BIMLTSBlog.dtproj", "{12D1F992-BC84-47A2-BA2F-345364172EC8}"
EndProject
Project("{159641D6-6404-4A2A-AE62-294DE0FE8301}") = "BF4S-BIMLFramework4SSIS", "BF4S-BIMLFramework4SSIS\BF4S-BIMLFramework4SSIS.dtproj", "{BDE93D84-A4FE-44C3-B620-F4F99F7034AF}"
EndProject
Project("{159641D6-6404-4A2A-AE62-294DE0FE8301}") = "BIMLStairway07", "BIMLStairway07\BIMLStairway07.dtproj", "{F5CA601D-C012-4D3E-BDB7-A99BE574B125}"
EndProject
Project("{2150E333-8FDC-42A3-9474-1A3956D46DE8}") = "Solution Items", "Solution Items", "{F08F87FD-CCF8-49E1-8593-99AFA1D95364}"
	ProjectSection(SolutionItems) = preProject
		BF4S-BIMLFramework4SSIS\MetaDBSQL.sql.txt = BF4S-BIMLFramework4SSIS\MetaDBSQL.sql.txt
	EndProjectSection
EndProject
Global
	GlobalSection(SolutionConfigurationPlatforms) = preSolution
		Development|Default = Development|Default
	EndGlobalSection
	GlobalSection(ProjectConfigurationPlatforms) = postSolution
		{12D1F992-BC84-47A2-BA2F-345364172EC8}.Development|Default.ActiveCfg = Development
		{12D1F992-BC84-47A2-BA2F-345364172EC8}.Development|Default.Build.0 = Development
		{BDE93D84-A4FE-44C3-B620-F4F99F7034AF}.Development|Default.ActiveCfg = Development
		{BDE93D84-A4FE-44C3-B620-F4F99F7034AF}.Development|Default.Build.0 = Development
		{F5CA601D-C012-4D3E-BDB7-A99BE574B125}.Development|Default.ActiveCfg = Development
		{F5CA601D-C012-4D3E-BDB7-A99BE574B125}.Development|Default.Build.0 = Development
	EndGlobalSection
	GlobalSection(SolutionProperties) = preSolution
		HideSolutionNode = FALSE
	EndGlobalSection
	GlobalSection(ExtensibilityGlobals) = postSolution
		SolutionGuid = {A06F17CF-4008-40AB-B1B4-286A3A1EFB8E}
	EndGlobalSection
EndGlobal
