
Microsoft Visual Studio Solution File, Format Version 12.00
# Visual Studio 14
VisualStudioVersion = 14.0.23107.0
MinimumVisualStudioVersion = 10.0.40219.1
Project("{159641D6-6404-4A2A-AE62-294DE0FE8301}") = "HRMasterData", "HRMasterData\HRMasterData.dtproj", "{818DDFE1-0DBA-495F-8ACB-BA1DBCECB03B}"
EndProject
Global
	GlobalSection(SolutionConfigurationPlatforms) = preSolution
		Development|Default = Development|Default
	EndGlobalSection
	GlobalSection(ProjectConfigurationPlatforms) = postSolution
		{818DDFE1-0DBA-495F-8ACB-BA1DBCECB03B}.Development|Default.ActiveCfg = Development
		{818DDFE1-0DBA-495F-8ACB-BA1DBCECB03B}.Development|Default.Build.0 = Development
	EndGlobalSection
	GlobalSection(SolutionProperties) = preSolution
		HideSolutionNode = FALSE
	EndGlobalSection
EndGlobal
